
Microsoft Visual Studio Solution File, Format Version 12.00
# Visual Studio Version 16
VisualStudioVersion = 16.0.30011.22
MinimumVisualStudioVersion = 10.0.40219.1
Project("{FAE04EC0-301F-11D3-BF4B-00C04F79EFBC}") = "Liskov Substitution Principle", "Liskov Substitution Principle\Liskov Substitution Principle.csproj", "{F6622CFE-7FEE-4458-B1DA-5CC1AC71F49C}"
EndProject
Global
	GlobalSection(SolutionConfigurationPlatforms) = preSolution
		Debug|Any CPU = Debug|Any CPU
		Release|Any CPU = Release|Any CPU
	EndGlobalSection
	GlobalSection(ProjectConfigurationPlatforms) = postSolution
		{F6622CFE-7FEE-4458-B1DA-5CC1AC71F49C}.Debug|Any CPU.ActiveCfg = Debug|Any CPU
		{F6622CFE-7FEE-4458-B1DA-5CC1AC71F49C}.Debug|Any CPU.Build.0 = Debug|Any CPU
		{F6622CFE-7FEE-4458-B1DA-5CC1AC71F49C}.Release|Any CPU.ActiveCfg = Release|Any CPU
		{F6622CFE-7FEE-4458-B1DA-5CC1AC71F49C}.Release|Any CPU.Build.0 = Release|Any CPU
	EndGlobalSection
	GlobalSection(SolutionProperties) = preSolution
		HideSolutionNode = FALSE
	EndGlobalSection
	GlobalSection(ExtensibilityGlobals) = postSolution
		SolutionGuid = {8091587D-BD3C-4B39-8C63-897500AF4777}
	EndGlobalSection
EndGlobal
